
Microsoft Visual Studio Solution File, Format Version 12.00
# Visual Studio Version 16
VisualStudioVersion = 16.0.30309.148
MinimumVisualStudioVersion = 10.0.40219.1
Project("{FAE04EC0-301F-11D3-BF4B-00C04F79EFBC}") = "Lab4_5_TriviaLeaderboard", "Lab4_5_TriviaLeaderboard.csproj", "{2B10A18D-58FB-4987-95DF-E59A10D39C75}"
EndProject
Global
	GlobalSection(SolutionConfigurationPlatforms) = preSolution
		Debug|Any CPU = Debug|Any CPU
		Release|Any CPU = Release|Any CPU
	EndGlobalSection
	GlobalSection(ProjectConfigurationPlatforms) = postSolution
		{2B10A18D-58FB-4987-95DF-E59A10D39C75}.Debug|Any CPU.ActiveCfg = Debug|Any CPU
		{2B10A18D-58FB-4987-95DF-E59A10D39C75}.Debug|Any CPU.Build.0 = Debug|Any CPU
		{2B10A18D-58FB-4987-95DF-E59A10D39C75}.Release|Any CPU.ActiveCfg = Release|Any CPU
		{2B10A18D-58FB-4987-95DF-E59A10D39C75}.Release|Any CPU.Build.0 = Release|Any CPU
	EndGlobalSection
	GlobalSection(SolutionProperties) = preSolution
		HideSolutionNode = FALSE
	EndGlobalSection
	GlobalSection(ExtensibilityGlobals) = postSolution
		SolutionGuid = {17C30B00-0E43-4119-963F-6C19849BC583}
	EndGlobalSection
EndGlobal
